// !$*UTF8*$!
{
	archiveVersion = 1;
	classes = {
	};
	objectVersion = 55;
	objects = {

/* Begin PBXBuildFile section */
		9C722BFB27D1546200A0E84D /* WeatherAPI.swift in Sources */ = {isa = PBXBuildFile; fileRef = 9C722BFA27D1546200A0E84D /* WeatherAPI.swift */; };
		9C722BFD27D1559000A0E84D /* URLSessionProtocol.swift in Sources */ = {isa = PBXBuildFile; fileRef = 9C722BFC27D1559000A0E84D /* URLSessionProtocol.swift */; };
		9C722C0D27D158E500A0E84D /* WeatherAPIRequestsTests.swift in Sources */ = {isa = PBXBuildFile; fileRef = 9C722BFE27D156C700A0E84D /* WeatherAPIRequestsTests.swift */; };
		9C722C1227D284DF00A0E84D /* WeatherGatewayImplementation.swift in Sources */ = {isa = PBXBuildFile; fileRef = 9C722C1127D284DF00A0E84D /* WeatherGatewayImplementation.swift */; };
		9C722C1427D2869500A0E84D /* RequestExecutor.swift in Sources */ = {isa = PBXBuildFile; fileRef = 9C722C1327D2869500A0E84D /* RequestExecutor.swift */; };
		9C722C1727D28B4900A0E84D /* RequestExecutorSpy.swift in Sources */ = {isa = PBXBuildFile; fileRef = 9C722C1627D28B4900A0E84D /* RequestExecutorSpy.swift */; };
		9C722C1927D28BB100A0E84D /* WeatherGatewayTests.swift in Sources */ = {isa = PBXBuildFile; fileRef = 9C722C1827D28BB100A0E84D /* WeatherGatewayTests.swift */; };
		9C722C1B27D28ECF00A0E84D /* Weather.swift in Sources */ = {isa = PBXBuildFile; fileRef = 9C722C1A27D28ECF00A0E84D /* Weather.swift */; };
		9C722C1D27D2936800A0E84D /* WeatherEntity.swift in Sources */ = {isa = PBXBuildFile; fileRef = 9C722C1C27D2936800A0E84D /* WeatherEntity.swift */; };
		9C722C1F27D2A11B00A0E84D /* URLSessionStub.swift in Sources */ = {isa = PBXBuildFile; fileRef = 9C722C1E27D2A11B00A0E84D /* URLSessionStub.swift */; };
		9C722C2127D2ACD700A0E84D /* RequestExecutorTests.swift in Sources */ = {isa = PBXBuildFile; fileRef = 9C722C2027D2ACD700A0E84D /* RequestExecutorTests.swift */; };
		9C7E049127CFFBB3007C4CBA /* AppDelegate.swift in Sources */ = {isa = PBXBuildFile; fileRef = 9C7E049027CFFBB3007C4CBA /* AppDelegate.swift */; };
		9C7E049327CFFBB3007C4CBA /* SceneDelegate.swift in Sources */ = {isa = PBXBuildFile; fileRef = 9C7E049227CFFBB3007C4CBA /* SceneDelegate.swift */; };
		9C7E049527CFFBB3007C4CBA /* ViewController.swift in Sources */ = {isa = PBXBuildFile; fileRef = 9C7E049427CFFBB3007C4CBA /* ViewController.swift */; };
		9C7E049A27CFFBB5007C4CBA /* Assets.xcassets in Resources */ = {isa = PBXBuildFile; fileRef = 9C7E049927CFFBB5007C4CBA /* Assets.xcassets */; };
		9C7E049D27CFFBB5007C4CBA /* LaunchScreen.storyboard in Resources */ = {isa = PBXBuildFile; fileRef = 9C7E049B27CFFBB5007C4CBA /* LaunchScreen.storyboard */; };
		9C7E04A627D009C6007C4CBA /* Localizable.strings in Resources */ = {isa = PBXBuildFile; fileRef = 9C7E04A827D009C6007C4CBA /* Localizable.strings */; };
/* End PBXBuildFile section */

/* Begin PBXContainerItemProxy section */
		9C722C0827D1589C00A0E84D /* PBXContainerItemProxy */ = {
			isa = PBXContainerItemProxy;
			containerPortal = 9C7E048527CFFBB3007C4CBA /* Project object */;
			proxyType = 1;
			remoteGlobalIDString = 9C7E048C27CFFBB3007C4CBA;
			remoteInfo = WeatherApp;
		};
/* End PBXContainerItemProxy section */

/* Begin PBXFileReference section */
		9C722BFA27D1546200A0E84D /* WeatherAPI.swift */ = {isa = PBXFileReference; lastKnownFileType = sourcecode.swift; path = WeatherAPI.swift; sourceTree = "<group>"; };
		9C722BFC27D1559000A0E84D /* URLSessionProtocol.swift */ = {isa = PBXFileReference; lastKnownFileType = sourcecode.swift; path = URLSessionProtocol.swift; sourceTree = "<group>"; };
		9C722BFE27D156C700A0E84D /* WeatherAPIRequestsTests.swift */ = {isa = PBXFileReference; lastKnownFileType = sourcecode.swift; path = WeatherAPIRequestsTests.swift; sourceTree = "<group>"; };
		9C722C0427D1589C00A0E84D /* WeatherAppTests.xctest */ = {isa = PBXFileReference; explicitFileType = wrapper.cfbundle; includeInIndex = 0; path = WeatherAppTests.xctest; sourceTree = BUILT_PRODUCTS_DIR; };
		9C722C1127D284DF00A0E84D /* WeatherGatewayImplementation.swift */ = {isa = PBXFileReference; lastKnownFileType = sourcecode.swift; path = WeatherGatewayImplementation.swift; sourceTree = "<group>"; };
		9C722C1327D2869500A0E84D /* RequestExecutor.swift */ = {isa = PBXFileReference; lastKnownFileType = sourcecode.swift; path = RequestExecutor.swift; sourceTree = "<group>"; };
		9C722C1627D28B4900A0E84D /* RequestExecutorSpy.swift */ = {isa = PBXFileReference; lastKnownFileType = sourcecode.swift; path = RequestExecutorSpy.swift; sourceTree = "<group>"; };
		9C722C1827D28BB100A0E84D /* WeatherGatewayTests.swift */ = {isa = PBXFileReference; lastKnownFileType = sourcecode.swift; path = WeatherGatewayTests.swift; sourceTree = "<group>"; };
		9C722C1A27D28ECF00A0E84D /* Weather.swift */ = {isa = PBXFileReference; lastKnownFileType = sourcecode.swift; path = Weather.swift; sourceTree = "<group>"; };
		9C722C1C27D2936800A0E84D /* WeatherEntity.swift */ = {isa = PBXFileReference; lastKnownFileType = sourcecode.swift; path = WeatherEntity.swift; sourceTree = "<group>"; };
		9C722C1E27D2A11B00A0E84D /* URLSessionStub.swift */ = {isa = PBXFileReference; lastKnownFileType = sourcecode.swift; path = URLSessionStub.swift; sourceTree = "<group>"; };
		9C722C2027D2ACD700A0E84D /* RequestExecutorTests.swift */ = {isa = PBXFileReference; lastKnownFileType = sourcecode.swift; path = RequestExecutorTests.swift; sourceTree = "<group>"; };
		9C7E048D27CFFBB3007C4CBA /* WeatherApp.app */ = {isa = PBXFileReference; explicitFileType = wrapper.application; includeInIndex = 0; path = WeatherApp.app; sourceTree = BUILT_PRODUCTS_DIR; };
		9C7E049027CFFBB3007C4CBA /* AppDelegate.swift */ = {isa = PBXFileReference; lastKnownFileType = sourcecode.swift; path = AppDelegate.swift; sourceTree = "<group>"; };
		9C7E049227CFFBB3007C4CBA /* SceneDelegate.swift */ = {isa = PBXFileReference; lastKnownFileType = sourcecode.swift; path = SceneDelegate.swift; sourceTree = "<group>"; };
		9C7E049427CFFBB3007C4CBA /* ViewController.swift */ = {isa = PBXFileReference; lastKnownFileType = sourcecode.swift; path = ViewController.swift; sourceTree = "<group>"; };
		9C7E049927CFFBB5007C4CBA /* Assets.xcassets */ = {isa = PBXFileReference; lastKnownFileType = folder.assetcatalog; path = Assets.xcassets; sourceTree = "<group>"; };
		9C7E049C27CFFBB5007C4CBA /* Base */ = {isa = PBXFileReference; lastKnownFileType = file.storyboard; name = Base; path = Base.lproj/LaunchScreen.storyboard; sourceTree = "<group>"; };
		9C7E049E27CFFBB5007C4CBA /* Info.plist */ = {isa = PBXFileReference; lastKnownFileType = text.plist.xml; path = Info.plist; sourceTree = "<group>"; };
		9C7E04A727D009C6007C4CBA /* en */ = {isa = PBXFileReference; lastKnownFileType = text.plist.strings; name = en; path = en.lproj/Localizable.strings; sourceTree = "<group>"; };
/* End PBXFileReference section */

/* Begin PBXFrameworksBuildPhase section */
		9C722C0127D1589C00A0E84D /* Frameworks */ = {
			isa = PBXFrameworksBuildPhase;
			buildActionMask = 2147483647;
			files = (
			);
			runOnlyForDeploymentPostprocessing = 0;
		};
		9C7E048A27CFFBB3007C4CBA /* Frameworks */ = {
			isa = PBXFrameworksBuildPhase;
			buildActionMask = 2147483647;
			files = (
			);
			runOnlyForDeploymentPostprocessing = 0;
		};
/* End PBXFrameworksBuildPhase section */

/* Begin PBXGroup section */
		9C722BF227D14CC300A0E84D /* Domain */ = {
			isa = PBXGroup;
			children = (
				9C722C1A27D28ECF00A0E84D /* Weather.swift */,
			);
			path = Domain;
			sourceTree = "<group>";
		};
		9C722BF327D14CD200A0E84D /* Data */ = {
			isa = PBXGroup;
			children = (
				9C722C2227D2AD2F00A0E84D /* Core */,
				9C722BFA27D1546200A0E84D /* WeatherAPI.swift */,
				9C722C1C27D2936800A0E84D /* WeatherEntity.swift */,
				9C722C1127D284DF00A0E84D /* WeatherGatewayImplementation.swift */,
			);
			path = Data;
			sourceTree = "<group>";
		};
		9C722BF427D14CD900A0E84D /* Presentation */ = {
			isa = PBXGroup;
			children = (
				9C7E049427CFFBB3007C4CBA /* ViewController.swift */,
			);
			path = Presentation;
			sourceTree = "<group>";
		};
		9C722BF627D14DF100A0E84D /* Presentation */ = {
			isa = PBXGroup;
			children = (
			);
			path = Presentation;
			sourceTree = "<group>";
		};
		9C722BF727D14E0300A0E84D /* Data */ = {
			isa = PBXGroup;
			children = (
				9C722C2027D2ACD700A0E84D /* RequestExecutorTests.swift */,
				9C722BFE27D156C700A0E84D /* WeatherAPIRequestsTests.swift */,
				9C722C1827D28BB100A0E84D /* WeatherGatewayTests.swift */,
			);
			path = Data;
			sourceTree = "<group>";
		};
		9C722BF827D14E3000A0E84D /* Domain */ = {
			isa = PBXGroup;
			children = (
			);
			path = Domain;
			sourceTree = "<group>";
		};
		9C722BF927D14EC800A0E84D /* System */ = {
			isa = PBXGroup;
			children = (
				9C7E049027CFFBB3007C4CBA /* AppDelegate.swift */,
				9C7E049227CFFBB3007C4CBA /* SceneDelegate.swift */,
				9C7E04A827D009C6007C4CBA /* Localizable.strings */,
			);
			path = System;
			sourceTree = "<group>";
		};
		9C722C0527D1589C00A0E84D /* WeatherAppTests */ = {
			isa = PBXGroup;
			children = (
				9C722C1527D28B2300A0E84D /* Doubles */,
				9C722BF827D14E3000A0E84D /* Domain */,
				9C722BF727D14E0300A0E84D /* Data */,
				9C722BF627D14DF100A0E84D /* Presentation */,
			);
			path = WeatherAppTests;
			sourceTree = "<group>";
		};
		9C722C1527D28B2300A0E84D /* Doubles */ = {
			isa = PBXGroup;
			children = (
				9C722C1627D28B4900A0E84D /* RequestExecutorSpy.swift */,
				9C722C1E27D2A11B00A0E84D /* URLSessionStub.swift */,
			);
			path = Doubles;
			sourceTree = "<group>";
		};
		9C722C2227D2AD2F00A0E84D /* Core */ = {
			isa = PBXGroup;
			children = (
				9C722C1327D2869500A0E84D /* RequestExecutor.swift */,
				9C722BFC27D1559000A0E84D /* URLSessionProtocol.swift */,
			);
			path = Core;
			sourceTree = "<group>";
		};
		9C7E048427CFFBB3007C4CBA = {
			isa = PBXGroup;
			children = (
				9C7E048F27CFFBB3007C4CBA /* WeatherApp */,
				9C722C0527D1589C00A0E84D /* WeatherAppTests */,
				9C7E048E27CFFBB3007C4CBA /* Products */,
			);
			sourceTree = "<group>";
		};
		9C7E048E27CFFBB3007C4CBA /* Products */ = {
			isa = PBXGroup;
			children = (
				9C7E048D27CFFBB3007C4CBA /* WeatherApp.app */,
				9C722C0427D1589C00A0E84D /* WeatherAppTests.xctest */,
			);
			name = Products;
			sourceTree = "<group>";
		};
		9C7E048F27CFFBB3007C4CBA /* WeatherApp */ = {
			isa = PBXGroup;
			children = (
				9C722BF227D14CC300A0E84D /* Domain */,
				9C722BF327D14CD200A0E84D /* Data */,
				9C722BF427D14CD900A0E84D /* Presentation */,
				9C722BF927D14EC800A0E84D /* System */,
				9C7E049927CFFBB5007C4CBA /* Assets.xcassets */,
				9C7E049B27CFFBB5007C4CBA /* LaunchScreen.storyboard */,
				9C7E049E27CFFBB5007C4CBA /* Info.plist */,
			);
			path = WeatherApp;
			sourceTree = "<group>";
		};
/* End PBXGroup section */

/* Begin PBXNativeTarget section */
		9C722C0327D1589C00A0E84D /* WeatherAppTests */ = {
			isa = PBXNativeTarget;
			buildConfigurationList = 9C722C0A27D1589C00A0E84D /* Build configuration list for PBXNativeTarget "WeatherAppTests" */;
			buildPhases = (
				9C722C0027D1589C00A0E84D /* Sources */,
				9C722C0127D1589C00A0E84D /* Frameworks */,
				9C722C0227D1589C00A0E84D /* Resources */,
			);
			buildRules = (
			);
			dependencies = (
				9C722C0927D1589C00A0E84D /* PBXTargetDependency */,
			);
			name = WeatherAppTests;
			productName = WeatherAppTests;
			productReference = 9C722C0427D1589C00A0E84D /* WeatherAppTests.xctest */;
			productType = "com.apple.product-type.bundle.unit-test";
		};
		9C7E048C27CFFBB3007C4CBA /* WeatherApp */ = {
			isa = PBXNativeTarget;
			buildConfigurationList = 9C7E04A127CFFBB5007C4CBA /* Build configuration list for PBXNativeTarget "WeatherApp" */;
			buildPhases = (
				9C7E048927CFFBB3007C4CBA /* Sources */,
				9C7E048A27CFFBB3007C4CBA /* Frameworks */,
				9C7E048B27CFFBB3007C4CBA /* Resources */,
			);
			buildRules = (
			);
			dependencies = (
			);
			name = WeatherApp;
			productName = WeatherApp;
			productReference = 9C7E048D27CFFBB3007C4CBA /* WeatherApp.app */;
			productType = "com.apple.product-type.application";
		};
/* End PBXNativeTarget section */

/* Begin PBXProject section */
		9C7E048527CFFBB3007C4CBA /* Project object */ = {
			isa = PBXProject;
			attributes = {
				BuildIndependentTargetsInParallel = 1;
				LastSwiftUpdateCheck = 1320;
				LastUpgradeCheck = 1320;
				TargetAttributes = {
					9C722C0327D1589C00A0E84D = {
						CreatedOnToolsVersion = 13.2.1;
						TestTargetID = 9C7E048C27CFFBB3007C4CBA;
					};
					9C7E048C27CFFBB3007C4CBA = {
						CreatedOnToolsVersion = 13.2.1;
					};
				};
			};
			buildConfigurationList = 9C7E048827CFFBB3007C4CBA /* Build configuration list for PBXProject "WeatherApp" */;
			compatibilityVersion = "Xcode 13.0";
			developmentRegion = en;
			hasScannedForEncodings = 0;
			knownRegions = (
				en,
				Base,
			);
			mainGroup = 9C7E048427CFFBB3007C4CBA;
			productRefGroup = 9C7E048E27CFFBB3007C4CBA /* Products */;
			projectDirPath = "";
			projectRoot = "";
			targets = (
				9C7E048C27CFFBB3007C4CBA /* WeatherApp */,
				9C722C0327D1589C00A0E84D /* WeatherAppTests */,
			);
		};
/* End PBXProject section */

/* Begin PBXResourcesBuildPhase section */
		9C722C0227D1589C00A0E84D /* Resources */ = {
			isa = PBXResourcesBuildPhase;
			buildActionMask = 2147483647;
			files = (
			);
			runOnlyForDeploymentPostprocessing = 0;
		};
		9C7E048B27CFFBB3007C4CBA /* Resources */ = {
			isa = PBXResourcesBuildPhase;
			buildActionMask = 2147483647;
			files = (
				9C7E049D27CFFBB5007C4CBA /* LaunchScreen.storyboard in Resources */,
				9C7E04A627D009C6007C4CBA /* Localizable.strings in Resources */,
				9C7E049A27CFFBB5007C4CBA /* Assets.xcassets in Resources */,
			);
			runOnlyForDeploymentPostprocessing = 0;
		};
/* End PBXResourcesBuildPhase section */

/* Begin PBXSourcesBuildPhase section */
		9C722C0027D1589C00A0E84D /* Sources */ = {
			isa = PBXSourcesBuildPhase;
			buildActionMask = 2147483647;
			files = (
				9C722C1F27D2A11B00A0E84D /* URLSessionStub.swift in Sources */,
				9C722C0D27D158E500A0E84D /* WeatherAPIRequestsTests.swift in Sources */,
				9C722C2127D2ACD700A0E84D /* RequestExecutorTests.swift in Sources */,
				9C722C1727D28B4900A0E84D /* RequestExecutorSpy.swift in Sources */,
				9C722C1927D28BB100A0E84D /* WeatherGatewayTests.swift in Sources */,
			);
			runOnlyForDeploymentPostprocessing = 0;
		};
		9C7E048927CFFBB3007C4CBA /* Sources */ = {
			isa = PBXSourcesBuildPhase;
			buildActionMask = 2147483647;
			files = (
				9C722C1B27D28ECF00A0E84D /* Weather.swift in Sources */,
				9C722C1427D2869500A0E84D /* RequestExecutor.swift in Sources */,
				9C722BFD27D1559000A0E84D /* URLSessionProtocol.swift in Sources */,
				9C7E049527CFFBB3007C4CBA /* ViewController.swift in Sources */,
				9C722C1D27D2936800A0E84D /* WeatherEntity.swift in Sources */,
				9C722BFB27D1546200A0E84D /* WeatherAPI.swift in Sources */,
				9C7E049127CFFBB3007C4CBA /* AppDelegate.swift in Sources */,
				9C7E049327CFFBB3007C4CBA /* SceneDelegate.swift in Sources */,
				9C722C1227D284DF00A0E84D /* WeatherGatewayImplementation.swift in Sources */,
			);
			runOnlyForDeploymentPostprocessing = 0;
		};
/* End PBXSourcesBuildPhase section */

/* Begin PBXTargetDependency section */
		9C722C0927D1589C00A0E84D /* PBXTargetDependency */ = {
			isa = PBXTargetDependency;
			target = 9C7E048C27CFFBB3007C4CBA /* WeatherApp */;
			targetProxy = 9C722C0827D1589C00A0E84D /* PBXContainerItemProxy */;
		};
/* End PBXTargetDependency section */

/* Begin PBXVariantGroup section */
		9C7E049B27CFFBB5007C4CBA /* LaunchScreen.storyboard */ = {
			isa = PBXVariantGroup;
			children = (
				9C7E049C27CFFBB5007C4CBA /* Base */,
			);
			name = LaunchScreen.storyboard;
			sourceTree = "<group>";
		};
		9C7E04A827D009C6007C4CBA /* Localizable.strings */ = {
			isa = PBXVariantGroup;
			children = (
				9C7E04A727D009C6007C4CBA /* en */,
			);
			name = Localizable.strings;
			sourceTree = "<group>";
		};
/* End PBXVariantGroup section */

/* Begin XCBuildConfiguration section */
		9C722C0B27D1589C00A0E84D /* Debug */ = {
			isa = XCBuildConfiguration;
			buildSettings = {
				BUNDLE_LOADER = "$(TEST_HOST)";
				CODE_SIGN_STYLE = Automatic;
				CURRENT_PROJECT_VERSION = 1;
				DEVELOPMENT_TEAM = TR424VG3F8;
				GENERATE_INFOPLIST_FILE = YES;
				MARKETING_VERSION = 1.0;
				PRODUCT_BUNDLE_IDENTIFIER = com.marcio.WeatherAppTests;
				PRODUCT_NAME = "$(TARGET_NAME)";
				SWIFT_EMIT_LOC_STRINGS = NO;
				SWIFT_VERSION = 5.0;
				TARGETED_DEVICE_FAMILY = "1,2";
				TEST_HOST = "$(BUILT_PRODUCTS_DIR)/WeatherApp.app/WeatherApp";
			};
			name = Debug;
		};
		9C722C0C27D1589C00A0E84D /* Release */ = {
			isa = XCBuildConfiguration;
			buildSettings = {
				BUNDLE_LOADER = "$(TEST_HOST)";
				CODE_SIGN_STYLE = Automatic;
				CURRENT_PROJECT_VERSION = 1;
				DEVELOPMENT_TEAM = TR424VG3F8;
				GENERATE_INFOPLIST_FILE = YES;
				MARKETING_VERSION = 1.0;
				PRODUCT_BUNDLE_IDENTIFIER = com.marcio.WeatherAppTests;
				PRODUCT_NAME = "$(TARGET_NAME)";
				SWIFT_EMIT_LOC_STRINGS = NO;
				SWIFT_VERSION = 5.0;
				TARGETED_DEVICE_FAMILY = "1,2";
				TEST_HOST = "$(BUILT_PRODUCTS_DIR)/WeatherApp.app/WeatherApp";
			};
			name = Release;
		};
		9C7E049F27CFFBB5007C4CBA /* Debug */ = {
			isa = XCBuildConfiguration;
			buildSettings = {
				ALWAYS_SEARCH_USER_PATHS = NO;
				CLANG_ANALYZER_NONNULL = YES;
				CLANG_ANALYZER_NUMBER_OBJECT_CONVERSION = YES_AGGRESSIVE;
				CLANG_CXX_LANGUAGE_STANDARD = "gnu++17";
				CLANG_CXX_LIBRARY = "libc++";
				CLANG_ENABLE_MODULES = YES;
				CLANG_ENABLE_OBJC_ARC = YES;
				CLANG_ENABLE_OBJC_WEAK = YES;
				CLANG_WARN_BLOCK_CAPTURE_AUTORELEASING = YES;
				CLANG_WARN_BOOL_CONVERSION = YES;
				CLANG_WARN_COMMA = YES;
				CLANG_WARN_CONSTANT_CONVERSION = YES;
				CLANG_WARN_DEPRECATED_OBJC_IMPLEMENTATIONS = YES;
				CLANG_WARN_DIRECT_OBJC_ISA_USAGE = YES_ERROR;
				CLANG_WARN_DOCUMENTATION_COMMENTS = YES;
				CLANG_WARN_EMPTY_BODY = YES;
				CLANG_WARN_ENUM_CONVERSION = YES;
				CLANG_WARN_INFINITE_RECURSION = YES;
				CLANG_WARN_INT_CONVERSION = YES;
				CLANG_WARN_NON_LITERAL_NULL_CONVERSION = YES;
				CLANG_WARN_OBJC_IMPLICIT_RETAIN_SELF = YES;
				CLANG_WARN_OBJC_LITERAL_CONVERSION = YES;
				CLANG_WARN_OBJC_ROOT_CLASS = YES_ERROR;
				CLANG_WARN_QUOTED_INCLUDE_IN_FRAMEWORK_HEADER = YES;
				CLANG_WARN_RANGE_LOOP_ANALYSIS = YES;
				CLANG_WARN_STRICT_PROTOTYPES = YES;
				CLANG_WARN_SUSPICIOUS_MOVE = YES;
				CLANG_WARN_UNGUARDED_AVAILABILITY = YES_AGGRESSIVE;
				CLANG_WARN_UNREACHABLE_CODE = YES;
				CLANG_WARN__DUPLICATE_METHOD_MATCH = YES;
				COPY_PHASE_STRIP = NO;
				DEBUG_INFORMATION_FORMAT = dwarf;
				ENABLE_STRICT_OBJC_MSGSEND = YES;
				ENABLE_TESTABILITY = YES;
				GCC_C_LANGUAGE_STANDARD = gnu11;
				GCC_DYNAMIC_NO_PIC = NO;
				GCC_NO_COMMON_BLOCKS = YES;
				GCC_OPTIMIZATION_LEVEL = 0;
				GCC_PREPROCESSOR_DEFINITIONS = (
					"DEBUG=1",
					"$(inherited)",
				);
				GCC_WARN_64_TO_32_BIT_CONVERSION = YES;
				GCC_WARN_ABOUT_RETURN_TYPE = YES_ERROR;
				GCC_WARN_UNDECLARED_SELECTOR = YES;
				GCC_WARN_UNINITIALIZED_AUTOS = YES_AGGRESSIVE;
				GCC_WARN_UNUSED_FUNCTION = YES;
				GCC_WARN_UNUSED_VARIABLE = YES;
				IPHONEOS_DEPLOYMENT_TARGET = 13.0;
				MTL_ENABLE_DEBUG_INFO = INCLUDE_SOURCE;
				MTL_FAST_MATH = YES;
				ONLY_ACTIVE_ARCH = YES;
				SDKROOT = iphoneos;
				SWIFT_ACTIVE_COMPILATION_CONDITIONS = DEBUG;
				SWIFT_OPTIMIZATION_LEVEL = "-Onone";
			};
			name = Debug;
		};
		9C7E04A027CFFBB5007C4CBA /* Release */ = {
			isa = XCBuildConfiguration;
			buildSettings = {
				ALWAYS_SEARCH_USER_PATHS = NO;
				CLANG_ANALYZER_NONNULL = YES;
				CLANG_ANALYZER_NUMBER_OBJECT_CONVERSION = YES_AGGRESSIVE;
				CLANG_CXX_LANGUAGE_STANDARD = "gnu++17";
				CLANG_CXX_LIBRARY = "libc++";
				CLANG_ENABLE_MODULES = YES;
				CLANG_ENABLE_OBJC_ARC = YES;
				CLANG_ENABLE_OBJC_WEAK = YES;
				CLANG_WARN_BLOCK_CAPTURE_AUTORELEASING = YES;
				CLANG_WARN_BOOL_CONVERSION = YES;
				CLANG_WARN_COMMA = YES;
				CLANG_WARN_CONSTANT_CONVERSION = YES;
				CLANG_WARN_DEPRECATED_OBJC_IMPLEMENTATIONS = YES;
				CLANG_WARN_DIRECT_OBJC_ISA_USAGE = YES_ERROR;
				CLANG_WARN_DOCUMENTATION_COMMENTS = YES;
				CLANG_WARN_EMPTY_BODY = YES;
				CLANG_WARN_ENUM_CONVERSION = YES;
				CLANG_WARN_INFINITE_RECURSION = YES;
				CLANG_WARN_INT_CONVERSION = YES;
				CLANG_WARN_NON_LITERAL_NULL_CONVERSION = YES;
				CLANG_WARN_OBJC_IMPLICIT_RETAIN_SELF = YES;
				CLANG_WARN_OBJC_LITERAL_CONVERSION = YES;
				CLANG_WARN_OBJC_ROOT_CLASS = YES_ERROR;
				CLANG_WARN_QUOTED_INCLUDE_IN_FRAMEWORK_HEADER = YES;
				CLANG_WARN_RANGE_LOOP_ANALYSIS = YES;
				CLANG_WARN_STRICT_PROTOTYPES = YES;
				CLANG_WARN_SUSPICIOUS_MOVE = YES;
				CLANG_WARN_UNGUARDED_AVAILABILITY = YES_AGGRESSIVE;
				CLANG_WARN_UNREACHABLE_CODE = YES;
				CLANG_WARN__DUPLICATE_METHOD_MATCH = YES;
				COPY_PHASE_STRIP = NO;
				DEBUG_INFORMATION_FORMAT = "dwarf-with-dsym";
				ENABLE_NS_ASSERTIONS = NO;
				ENABLE_STRICT_OBJC_MSGSEND = YES;
				GCC_C_LANGUAGE_STANDARD = gnu11;
				GCC_NO_COMMON_BLOCKS = YES;
				GCC_WARN_64_TO_32_BIT_CONVERSION = YES;
				GCC_WARN_ABOUT_RETURN_TYPE = YES_ERROR;
				GCC_WARN_UNDECLARED_SELECTOR = YES;
				GCC_WARN_UNINITIALIZED_AUTOS = YES_AGGRESSIVE;
				GCC_WARN_UNUSED_FUNCTION = YES;
				GCC_WARN_UNUSED_VARIABLE = YES;
				IPHONEOS_DEPLOYMENT_TARGET = 13.0;
				MTL_ENABLE_DEBUG_INFO = NO;
				MTL_FAST_MATH = YES;
				SDKROOT = iphoneos;
				SWIFT_COMPILATION_MODE = wholemodule;
				SWIFT_OPTIMIZATION_LEVEL = "-O";
				VALIDATE_PRODUCT = YES;
			};
			name = Release;
		};
		9C7E04A227CFFBB5007C4CBA /* Debug */ = {
			isa = XCBuildConfiguration;
			buildSettings = {
				ASSETCATALOG_COMPILER_APPICON_NAME = AppIcon;
				ASSETCATALOG_COMPILER_GLOBAL_ACCENT_COLOR_NAME = AccentColor;
				CODE_SIGN_STYLE = Automatic;
				CURRENT_PROJECT_VERSION = 1;
				DEVELOPMENT_TEAM = TR424VG3F8;
				GENERATE_INFOPLIST_FILE = YES;
				INFOPLIST_FILE = WeatherApp/Info.plist;
				INFOPLIST_KEY_UIApplicationSupportsIndirectInputEvents = YES;
				INFOPLIST_KEY_UILaunchStoryboardName = LaunchScreen;
				INFOPLIST_KEY_UISupportedInterfaceOrientations_iPad = "UIInterfaceOrientationPortrait UIInterfaceOrientationPortraitUpsideDown UIInterfaceOrientationLandscapeLeft UIInterfaceOrientationLandscapeRight";
				INFOPLIST_KEY_UISupportedInterfaceOrientations_iPhone = "UIInterfaceOrientationPortrait UIInterfaceOrientationLandscapeLeft UIInterfaceOrientationLandscapeRight";
				LD_RUNPATH_SEARCH_PATHS = (
					"$(inherited)",
					"@executable_path/Frameworks",
				);
				MARKETING_VERSION = 1.0;
				PRODUCT_BUNDLE_IDENTIFIER = com.marcio.WeatherApp;
				PRODUCT_NAME = "$(TARGET_NAME)";
				SWIFT_EMIT_LOC_STRINGS = YES;
				SWIFT_VERSION = 5.0;
				TARGETED_DEVICE_FAMILY = "1,2";
			};
			name = Debug;
		};
		9C7E04A327CFFBB5007C4CBA /* Release */ = {
			isa = XCBuildConfiguration;
			buildSettings = {
				ASSETCATALOG_COMPILER_APPICON_NAME = AppIcon;
				ASSETCATALOG_COMPILER_GLOBAL_ACCENT_COLOR_NAME = AccentColor;
				CODE_SIGN_STYLE = Automatic;
				CURRENT_PROJECT_VERSION = 1;
				DEVELOPMENT_TEAM = TR424VG3F8;
				GENERATE_INFOPLIST_FILE = YES;
				INFOPLIST_FILE = WeatherApp/Info.plist;
				INFOPLIST_KEY_UIApplicationSupportsIndirectInputEvents = YES;
				INFOPLIST_KEY_UILaunchStoryboardName = LaunchScreen;
				INFOPLIST_KEY_UISupportedInterfaceOrientations_iPad = "UIInterfaceOrientationPortrait UIInterfaceOrientationPortraitUpsideDown UIInterfaceOrientationLandscapeLeft UIInterfaceOrientationLandscapeRight";
				INFOPLIST_KEY_UISupportedInterfaceOrientations_iPhone = "UIInterfaceOrientationPortrait UIInterfaceOrientationLandscapeLeft UIInterfaceOrientationLandscapeRight";
				LD_RUNPATH_SEARCH_PATHS = (
					"$(inherited)",
					"@executable_path/Frameworks",
				);
				MARKETING_VERSION = 1.0;
				PRODUCT_BUNDLE_IDENTIFIER = com.marcio.WeatherApp;
				PRODUCT_NAME = "$(TARGET_NAME)";
				SWIFT_EMIT_LOC_STRINGS = YES;
				SWIFT_VERSION = 5.0;
				TARGETED_DEVICE_FAMILY = "1,2";
			};
			name = Release;
		};
/* End XCBuildConfiguration section */

/* Begin XCConfigurationList section */
		9C722C0A27D1589C00A0E84D /* Build configuration list for PBXNativeTarget "WeatherAppTests" */ = {
			isa = XCConfigurationList;
			buildConfigurations = (
				9C722C0B27D1589C00A0E84D /* Debug */,
				9C722C0C27D1589C00A0E84D /* Release */,
			);
			defaultConfigurationIsVisible = 0;
			defaultConfigurationName = Release;
		};
		9C7E048827CFFBB3007C4CBA /* Build configuration list for PBXProject "WeatherApp" */ = {
			isa = XCConfigurationList;
			buildConfigurations = (
				9C7E049F27CFFBB5007C4CBA /* Debug */,
				9C7E04A027CFFBB5007C4CBA /* Release */,
			);
			defaultConfigurationIsVisible = 0;
			defaultConfigurationName = Release;
		};
		9C7E04A127CFFBB5007C4CBA /* Build configuration list for PBXNativeTarget "WeatherApp" */ = {
			isa = XCConfigurationList;
			buildConfigurations = (
				9C7E04A227CFFBB5007C4CBA /* Debug */,
				9C7E04A327CFFBB5007C4CBA /* Release */,
			);
			defaultConfigurationIsVisible = 0;
			defaultConfigurationName = Release;
		};
/* End XCConfigurationList section */
	};
	rootObject = 9C7E048527CFFBB3007C4CBA /* Project object */;
}
